
Microsoft Visual Studio Solution File, Format Version 12.00
# Visual Studio Version 17
VisualStudioVersion = 17.8.34525.116
MinimumVisualStudioVersion = 10.0.40219.1
Project("{FAE04EC0-301F-11D3-BF4B-00C04F79EFBC}") = "MiniShop", "MiniShop.csproj", "{6D6DD88D-9663-4C0E-B04E-781662C82723}"
EndProject
Global
	GlobalSection(SolutionConfigurationPlatforms) = preSolution
		Debug|Any CPU = Debug|Any CPU
		Release|Any CPU = Release|Any CPU
	EndGlobalSection
	GlobalSection(ProjectConfigurationPlatforms) = postSolution
		{6D6DD88D-9663-4C0E-B04E-781662C82723}.Debug|Any CPU.ActiveCfg = Debug|Any CPU
		{6D6DD88D-9663-4C0E-B04E-781662C82723}.Debug|Any CPU.Build.0 = Debug|Any CPU
		{6D6DD88D-9663-4C0E-B04E-781662C82723}.Release|Any CPU.ActiveCfg = Release|Any CPU
		{6D6DD88D-9663-4C0E-B04E-781662C82723}.Release|Any CPU.Build.0 = Release|Any CPU
	EndGlobalSection
	GlobalSection(SolutionProperties) = preSolution
		HideSolutionNode = FALSE
	EndGlobalSection
	GlobalSection(ExtensibilityGlobals) = postSolution
		SolutionGuid = {4C10103B-7614-4CDB-B24C-F807B33ADAAB}
	EndGlobalSection
EndGlobal
